<Solution>
  <Project Path="Dredis.Abstractions.Command/Dredis.Abstractions.Command.csproj" Id="3e1d6527-d55e-4311-bc20-52e438468a2c" />
  <Project Path="Dredis.Abstractions.Storage/Dredis.Abstractions.Storage.csproj" />
  <Project Path="Dredis.csproj" />
  <Project Path="Dredis.Tests/Dredis.Tests.csproj">
    <BuildType Project="Debug" />
  </Project>
</Solution>
